
Microsoft Visual Studio Solution File, Format Version 12.00
# Visual Studio Version 16
VisualStudioVersion = 16.0.31729.503
MinimumVisualStudioVersion = 10.0.40219.1
Project("{FAE04EC0-301F-11D3-BF4B-00C04F79EFBC}") = "DemoMediacion", "DemoMediacion\DemoMediacion.csproj", "{72F8C3AA-FC9C-4E61-B8B6-D0EA3089279D}"
EndProject
Global
	GlobalSection(SolutionConfigurationPlatforms) = preSolution
		Debug|Any CPU = Debug|Any CPU
		Release|Any CPU = Release|Any CPU
	EndGlobalSection
	GlobalSection(ProjectConfigurationPlatforms) = postSolution
		{72F8C3AA-FC9C-4E61-B8B6-D0EA3089279D}.Debug|Any CPU.ActiveCfg = Debug|Any CPU
		{72F8C3AA-FC9C-4E61-B8B6-D0EA3089279D}.Debug|Any CPU.Build.0 = Debug|Any CPU
		{72F8C3AA-FC9C-4E61-B8B6-D0EA3089279D}.Release|Any CPU.ActiveCfg = Release|Any CPU
		{72F8C3AA-FC9C-4E61-B8B6-D0EA3089279D}.Release|Any CPU.Build.0 = Release|Any CPU
	EndGlobalSection
	GlobalSection(SolutionProperties) = preSolution
		HideSolutionNode = FALSE
	EndGlobalSection
	GlobalSection(ExtensibilityGlobals) = postSolution
		SolutionGuid = {0C2A3A93-C3BE-4974-8BFE-D94E35F8EEF4}
	EndGlobalSection
EndGlobal
